
Microsoft Visual Studio Solution File, Format Version 12.00
# Visual Studio Version 17
VisualStudioVersion = 17.4.33103.184
MinimumVisualStudioVersion = 10.0.40219.1
Project("{FAE04EC0-301F-11D3-BF4B-00C04F79EFBC}") = "ReviewsPortal", "ReviewsPortal\ReviewsPortal.csproj", "{A83BC4F7-7629-4492-B160-34138C3754BD}"
EndProject
Global
	GlobalSection(SolutionConfigurationPlatforms) = preSolution
		Debug|Any CPU = Debug|Any CPU
		Release|Any CPU = Release|Any CPU
	EndGlobalSection
	GlobalSection(ProjectConfigurationPlatforms) = postSolution
		{A83BC4F7-7629-4492-B160-34138C3754BD}.Debug|Any CPU.ActiveCfg = Debug|Any CPU
		{A83BC4F7-7629-4492-B160-34138C3754BD}.Debug|Any CPU.Build.0 = Debug|Any CPU
		{A83BC4F7-7629-4492-B160-34138C3754BD}.Release|Any CPU.ActiveCfg = Release|Any CPU
		{A83BC4F7-7629-4492-B160-34138C3754BD}.Release|Any CPU.Build.0 = Release|Any CPU
	EndGlobalSection
	GlobalSection(SolutionProperties) = preSolution
		HideSolutionNode = FALSE
	EndGlobalSection
	GlobalSection(ExtensibilityGlobals) = postSolution
		SolutionGuid = {E82A16EB-C35B-4B0B-9394-6804892C415D}
	EndGlobalSection
EndGlobal
